<?xml version="1.0" encoding="utf-8"?>
<Project ToolsVersion="4.0" xmlns="http://schemas.microsoft.com/developer/msbuild/2003">
  <ItemGroup>
    <Filter Include="Source Files">
      <UniqueIdentifier>{4FC737F1-C7A5-4376-A066-2A32D752A2FF}</UniqueIdentifier>
      <Extensions>cpp;c;cc;cxx;c++;cppm;ixx;def;odl;idl;hpj;bat;asm;asmx</Extensions>
    </Filter>
    <Filter Include="Header Files">
      <UniqueIdentifier>{93995380-89BD-4b04-88EB-625FBE52EBFB}</UniqueIdentifier>
      <Extensions>h;hh;hpp;hxx;h++;hm;inl;inc;ipp;xsd</Extensions>
    </Filter>
    <Filter Include="Resource Files">
      <UniqueIdentifier>{67DA6AB6-F800-4c08-8B7A-83BB121AAD01}</UniqueIdentifier>
      <Extensions>rc;ico;cur;bmp;dlg;rc2;rct;bin;rgs;gif;jpg;jpeg;jpe;resx;tiff;tif;png;wav;mfcribbon-ms</Extensions>
    </Filter>
  </ItemGroup>
  <ItemGroup>
    <ClInclude Include="include\Application.h">
      <Filter>Header Files</Filter>
    </ClInclude>
    <ClInclude Include="include\Window.h">
      <Filter>Header Files</Filter>
    </ClInclude>
    <ClInclude Include="include\renderer\Device.h">
      <Filter>Header Files</Filter>
    </ClInclude>
    <ClInclude Include="include\renderer\Renderer.h">
      <Filter>Header Files</Filter>
    </ClInclude>
    <ClInclude Include="include\renderer\HelpersDX.h">
      <Filter>Header Files</Filter>
    </ClInclude>
    <ClInclude Include="include\renderer\CommandQueue.h">
      <Filter>Header Files</Filter>
    </ClInclude>
    <ClInclude Include="include\renderer\SwapChain.h">
      <Filter>Header Files</Filter>
    </ClInclude>
    <ClInclude Include="include\renderer\DescriptorHeap.h">
      <Filter>Header Files</Filter>
    </ClInclude>
    <ClInclude Include="include\renderer\CommonDX.h">
      <Filter>Header Files</Filter>
    </ClInclude>
    <ClInclude Include="include\renderer\RTPipeline.h">
      <Filter>Header Files</Filter>
    </ClInclude>
    <ClInclude Include="include\renderer\TLAS.h">
      <Filter>Header Files</Filter>
    </ClInclude>
    <ClInclude Include="include\renderer\GPUAllocator.h">
      <Filter>Header Files</Filter>
    </ClInclude>
    <ClInclude Include="include\renderer\UploadContext.h">
      <Filter>Header Files</Filter>
    </ClInclude>
    <ClInclude Include="include\renderer\GPUBuffer.h">
      <Filter>Header Files</Filter>
    </ClInclude>
    <ClInclude Include="external\D3D12MA\D3D12MemAlloc.h">
      <Filter>Header Files</Filter>
    </ClInclude>
    <ClInclude Include="include\renderer\BLAS.h">
      <Filter>Header Files</Filter>
    </ClInclude>
    <ClInclude Include="include\renderer\Model.h">
      <Filter>Header Files</Filter>
    </ClInclude>
    <ClInclude Include="include\renderer\Scene.h">
      <Filter>Header Files</Filter>
    </ClInclude>
    <ClInclude Include="external\fastgltf\base64.hpp">
      <Filter>Header Files</Filter>
    </ClInclude>
    <ClInclude Include="external\fastgltf\core.hpp">
      <Filter>Header Files</Filter>
    </ClInclude>
    <ClInclude Include="external\fastgltf\dxmath_element_traits.hpp">
      <Filter>Header Files</Filter>
    </ClInclude>
    <ClInclude Include="external\fastgltf\math.hpp">
      <Filter>Header Files</Filter>
    </ClInclude>
    <ClInclude Include="external\fastgltf\tools.hpp">
      <Filter>Header Files</Filter>
    </ClInclude>
    <ClInclude Include="external\fastgltf\types.hpp">
      <Filter>Header Files</Filter>
    </ClInclude>
    <ClInclude Include="external\fastgltf\util.hpp">
      <Filter>Header Files</Filter>
    </ClInclude>
    <ClInclude Include="include\renderer\Mesh.h">
      <Filter>Header Files</Filter>
    </ClInclude>
    <ClInclude Include="external\fastgltf\glm_element_traits.hpp">
      <Filter>Header Files</Filter>
    </ClInclude>
    <ClInclude Include="external\simdjson\simdjson.h">
      <Filter>Header Files</Filter>
    </ClInclude>
    <ClInclude Include="include\renderer\ShaderCompiler.h">
      <Filter>Header Files</Filter>
    </ClInclude>
    <ClInclude Include="include\renderer\ShaderLibrary.h">
      <Filter>Header Files</Filter>
    </ClInclude>
    <ClInclude Include="include\renderer\OutputTexture.h">
      <Filter>Header Files</Filter>
    </ClInclude>
  </ItemGroup>
  <ItemGroup>
    <ClCompile Include="source\main.cpp">
      <Filter>Source Files</Filter>
    </ClCompile>
    <ClCompile Include="source\Application.cpp">
      <Filter>Source Files</Filter>
    </ClCompile>
    <ClCompile Include="source\Window.cpp">
      <Filter>Source Files</Filter>
    </ClCompile>
    <ClCompile Include="source\renderer\Device.cpp">
      <Filter>Source Files</Filter>
    </ClCompile>
    <ClCompile Include="source\renderer\Renderer.cpp">
      <Filter>Source Files</Filter>
    </ClCompile>
    <ClCompile Include="source\renderer\CommandQueue.cpp">
      <Filter>Source Files</Filter>
    </ClCompile>
    <ClCompile Include="source\renderer\SwapChain.cpp">
      <Filter>Source Files</Filter>
    </ClCompile>
    <ClCompile Include="source\renderer\DescriptorHeap.cpp">
      <Filter>Source Files</Filter>
    </ClCompile>
    <ClCompile Include="source\renderer\RTPipeline.cpp">
      <Filter>Source Files</Filter>
    </ClCompile>
    <ClCompile Include="source\renderer\TLAS.cpp">
      <Filter>Source Files</Filter>
    </ClCompile>
    <ClCompile Include="source\renderer\GPUAllocator.cpp">
      <Filter>Source Files</Filter>
    </ClCompile>
    <ClCompile Include="source\renderer\UploadContext.cpp">
      <Filter>Source Files</Filter>
    </ClCompile>
    <ClCompile Include="external\D3D12MA\D3D12MemAlloc.cpp">
      <Filter>Source Files</Filter>
    </ClCompile>
    <ClCompile Include="source\renderer\BLAS.cpp">
      <Filter>Source Files</Filter>
    </ClCompile>
    <ClCompile Include="source\renderer\Model.cpp">
      <Filter>Source Files</Filter>
    </ClCompile>
    <ClCompile Include="source\renderer\Scene.cpp">
      <Filter>Source Files</Filter>
    </ClCompile>
    <ClCompile Include="source\renderer\Mesh.cpp">
      <Filter>Source Files</Filter>
    </ClCompile>
    <ClCompile Include="external\fastgltf\base64.cpp">
      <Filter>Source Files</Filter>
    </ClCompile>
    <ClCompile Include="external\fastgltf\fastgltf.cpp">
      <Filter>Source Files</Filter>
    </ClCompile>
    <ClCompile Include="external\fastgltf\fastgltf.ixx">
      <Filter>Source Files</Filter>
    </ClCompile>
    <ClCompile Include="external\fastgltf\io.cpp">
      <Filter>Source Files</Filter>
    </ClCompile>
    <ClCompile Include="external\simdjson\simdjson.cpp">
      <Filter>Source Files</Filter>
    </ClCompile>
    <ClCompile Include="source\renderer\ShaderLibrary.cpp">
      <Filter>Source Files</Filter>
    </ClCompile>
    <ClCompile Include="source\renderer\ShaderCompiler.cpp">
      <Filter>Source Files</Filter>
    </ClCompile>
    <ClCompile Include="source\renderer\OutputTexture.cpp">
      <Filter>Source Files</Filter>
    </ClCompile>
  </ItemGroup>
  <ItemGroup>
    <None Include="shaders\raytracing.slang" />
  </ItemGroup>
  <ItemGroup>
    <Natvis Include="external\glm\glm.natvis" />
  </ItemGroup>
</Project>